
Microsoft Visual Studio Solution File, Format Version 12.00
# Visual Studio Version 16
VisualStudioVersion = 16.0.29409.12
MinimumVisualStudioVersion = 10.0.40219.1
Project("{FAE04EC0-301F-11D3-BF4B-00C04F79EFBC}") = "SimpleThreadingDemo", "SimpleThreadingDemo\SimpleThreadingDemo.csproj", "{7EE85AEB-DE1F-4374-88C8-71EA00A8B49F}"
EndProject
Project("{FAE04EC0-301F-11D3-BF4B-00C04F79EFBC}") = "SingleInstance", "SingleInstance\SingleInstance.csproj", "{8FB609C0-650F-480E-AD0C-A361AFA2B1EA}"
EndProject
Global
	GlobalSection(SolutionConfigurationPlatforms) = preSolution
		Debug|Any CPU = Debug|Any CPU
		Release|Any CPU = Release|Any CPU
	EndGlobalSection
	GlobalSection(ProjectConfigurationPlatforms) = postSolution
		{7EE85AEB-DE1F-4374-88C8-71EA00A8B49F}.Debug|Any CPU.ActiveCfg = Debug|Any CPU
		{7EE85AEB-DE1F-4374-88C8-71EA00A8B49F}.Debug|Any CPU.Build.0 = Debug|Any CPU
		{7EE85AEB-DE1F-4374-88C8-71EA00A8B49F}.Release|Any CPU.ActiveCfg = Release|Any CPU
		{7EE85AEB-DE1F-4374-88C8-71EA00A8B49F}.Release|Any CPU.Build.0 = Release|Any CPU
		{8FB609C0-650F-480E-AD0C-A361AFA2B1EA}.Debug|Any CPU.ActiveCfg = Debug|Any CPU
		{8FB609C0-650F-480E-AD0C-A361AFA2B1EA}.Debug|Any CPU.Build.0 = Debug|Any CPU
		{8FB609C0-650F-480E-AD0C-A361AFA2B1EA}.Release|Any CPU.ActiveCfg = Release|Any CPU
		{8FB609C0-650F-480E-AD0C-A361AFA2B1EA}.Release|Any CPU.Build.0 = Release|Any CPU
	EndGlobalSection
	GlobalSection(SolutionProperties) = preSolution
		HideSolutionNode = FALSE
	EndGlobalSection
	GlobalSection(ExtensibilityGlobals) = postSolution
		SolutionGuid = {D5D3F55A-0EC8-41A7-B011-17EA78C1909D}
	EndGlobalSection
EndGlobal
